
Microsoft Visual Studio Solution File, Format Version 12.00
# Visual Studio Version 17
VisualStudioVersion = 17.3.32804.467
MinimumVisualStudioVersion = 10.0.40219.1
Project("{9A19103F-16F7-4668-BE54-9A1E7A4F7556}") = "bridgeapi", "bridgeapi\bridgeapi.csproj", "{75FDB224-45D3-4122-8729-3DE12B8BCD6A}"
EndProject
Project("{FAE04EC0-301F-11D3-BF4B-00C04F79EFBC}") = "dependencyapi", "dependencyapi\dependencyapi.csproj", "{AFBA5407-03DA-4825-8578-3CA69CC000FB}"
EndProject
Global
	GlobalSection(SolutionConfigurationPlatforms) = preSolution
		Debug|Any CPU = Debug|Any CPU
		Release|Any CPU = Release|Any CPU
	EndGlobalSection
	GlobalSection(ProjectConfigurationPlatforms) = postSolution
		{75FDB224-45D3-4122-8729-3DE12B8BCD6A}.Debug|Any CPU.ActiveCfg = Debug|Any CPU
		{75FDB224-45D3-4122-8729-3DE12B8BCD6A}.Debug|Any CPU.Build.0 = Debug|Any CPU
		{75FDB224-45D3-4122-8729-3DE12B8BCD6A}.Release|Any CPU.ActiveCfg = Release|Any CPU
		{75FDB224-45D3-4122-8729-3DE12B8BCD6A}.Release|Any CPU.Build.0 = Release|Any CPU
		{AFBA5407-03DA-4825-8578-3CA69CC000FB}.Debug|Any CPU.ActiveCfg = Debug|Any CPU
		{AFBA5407-03DA-4825-8578-3CA69CC000FB}.Debug|Any CPU.Build.0 = Debug|Any CPU
		{AFBA5407-03DA-4825-8578-3CA69CC000FB}.Release|Any CPU.ActiveCfg = Release|Any CPU
		{AFBA5407-03DA-4825-8578-3CA69CC000FB}.Release|Any CPU.Build.0 = Release|Any CPU
	EndGlobalSection
	GlobalSection(SolutionProperties) = preSolution
		HideSolutionNode = FALSE
	EndGlobalSection
	GlobalSection(ExtensibilityGlobals) = postSolution
		SolutionGuid = {F575F7F3-1A7D-4384-BAB3-8E50E7868724}
	EndGlobalSection
EndGlobal
